
Microsoft Visual Studio Solution File, Format Version 10.00
# Visual C++ Express 2008
Project("{8BC9CEB8-8B4A-11D0-8D11-00A0C91BC942}") = "Splines", "splines\Splines.vcproj", "{AA96579B-0F16-4614-8453-0B03C8B39A46}"
EndProject
Project("{8BC9CEB8-8B4A-11D0-8D11-00A0C91BC942}") = "botlib", "botlib\botlib.vcproj", "{86691FDD-E0C6-4D71-9FFD-E0F30F19AA3E}"
EndProject
Project("{8BC9CEB8-8B4A-11D0-8D11-00A0C91BC942}") = "cgame", "cgame\cgame.vcproj", "{A981B743-DF98-4346-AA89-5DECB39C165D}"
EndProject
Project("{8BC9CEB8-8B4A-11D0-8D11-00A0C91BC942}") = "extractfuncs", "extractfuncs\extractfuncs.vcproj", "{0FC559FD-6DCD-4A81-B286-688F79286AEF}"
EndProject
Project("{8BC9CEB8-8B4A-11D0-8D11-00A0C91BC942}") = "game", "game\game.vcproj", "{99EE8E3F-250E-4082-A92E-C7BC6202FDFE}"
	ProjectSection(ProjectDependencies) = postProject
		{0FC559FD-6DCD-4A81-B286-688F79286AEF} = {0FC559FD-6DCD-4A81-B286-688F79286AEF}
	EndProjectSection
EndProject
Project("{8BC9CEB8-8B4A-11D0-8D11-00A0C91BC942}") = "renderer", "renderer\renderer.vcproj", "{F45A4F73-0EA1-4EB2-9829-154964ADEC6A}"
EndProject
Project("{8BC9CEB8-8B4A-11D0-8D11-00A0C91BC942}") = "ui", "ui\ui.vcproj", "{9FC6663B-403B-4429-90C3-4CE12E5D0619}"
EndProject
Project("{8BC9CEB8-8B4A-11D0-8D11-00A0C91BC942}") = "wolf", "wolf.vcproj", "{47CCBCAD-2A5C-4A70-8504-371F2EC29CBE}"
	ProjectSection(ProjectDependencies) = postProject
		{F45A4F73-0EA1-4EB2-9829-154964ADEC6A} = {F45A4F73-0EA1-4EB2-9829-154964ADEC6A}
		{A981B743-DF98-4346-AA89-5DECB39C165D} = {A981B743-DF98-4346-AA89-5DECB39C165D}
		{99EE8E3F-250E-4082-A92E-C7BC6202FDFE} = {99EE8E3F-250E-4082-A92E-C7BC6202FDFE}
		{9FC6663B-403B-4429-90C3-4CE12E5D0619} = {9FC6663B-403B-4429-90C3-4CE12E5D0619}
		{86691FDD-E0C6-4D71-9FFD-E0F30F19AA3E} = {86691FDD-E0C6-4D71-9FFD-E0F30F19AA3E}
		{AA96579B-0F16-4614-8453-0B03C8B39A46} = {AA96579B-0F16-4614-8453-0B03C8B39A46}
	EndProjectSection
EndProject
Global
	GlobalSection(SolutionConfigurationPlatforms) = preSolution
		Debug|Win32 = Debug|Win32
		Release|Win32 = Release|Win32
	EndGlobalSection
	GlobalSection(ProjectConfigurationPlatforms) = postSolution
		{AA96579B-0F16-4614-8453-0B03C8B39A46}.Debug|Win32.ActiveCfg = Debug|Win32
		{AA96579B-0F16-4614-8453-0B03C8B39A46}.Debug|Win32.Build.0 = Debug|Win32
		{AA96579B-0F16-4614-8453-0B03C8B39A46}.Release|Win32.ActiveCfg = Release|Win32
		{AA96579B-0F16-4614-8453-0B03C8B39A46}.Release|Win32.Build.0 = Release|Win32
		{86691FDD-E0C6-4D71-9FFD-E0F30F19AA3E}.Debug|Win32.ActiveCfg = Debug|Win32
		{86691FDD-E0C6-4D71-9FFD-E0F30F19AA3E}.Debug|Win32.Build.0 = Debug|Win32
		{86691FDD-E0C6-4D71-9FFD-E0F30F19AA3E}.Release|Win32.ActiveCfg = Release|Win32
		{86691FDD-E0C6-4D71-9FFD-E0F30F19AA3E}.Release|Win32.Build.0 = Release|Win32
		{A981B743-DF98-4346-AA89-5DECB39C165D}.Debug|Win32.ActiveCfg = Debug|Win32
		{A981B743-DF98-4346-AA89-5DECB39C165D}.Debug|Win32.Build.0 = Debug|Win32
		{A981B743-DF98-4346-AA89-5DECB39C165D}.Release|Win32.ActiveCfg = Release|Win32
		{A981B743-DF98-4346-AA89-5DECB39C165D}.Release|Win32.Build.0 = Release|Win32
		{0FC559FD-6DCD-4A81-B286-688F79286AEF}.Debug|Win32.ActiveCfg = Debug|Win32
		{0FC559FD-6DCD-4A81-B286-688F79286AEF}.Debug|Win32.Build.0 = Debug|Win32
		{0FC559FD-6DCD-4A81-B286-688F79286AEF}.Release|Win32.ActiveCfg = Release|Win32
		{0FC559FD-6DCD-4A81-B286-688F79286AEF}.Release|Win32.Build.0 = Release|Win32
		{99EE8E3F-250E-4082-A92E-C7BC6202FDFE}.Debug|Win32.ActiveCfg = Debug|Win32
		{99EE8E3F-250E-4082-A92E-C7BC6202FDFE}.Debug|Win32.Build.0 = Debug|Win32
		{99EE8E3F-250E-4082-A92E-C7BC6202FDFE}.Release|Win32.ActiveCfg = Release|Win32
		{99EE8E3F-250E-4082-A92E-C7BC6202FDFE}.Release|Win32.Build.0 = Release|Win32
		{F45A4F73-0EA1-4EB2-9829-154964ADEC6A}.Debug|Win32.ActiveCfg = Debug|Win32
		{F45A4F73-0EA1-4EB2-9829-154964ADEC6A}.Debug|Win32.Build.0 = Debug|Win32
		{F45A4F73-0EA1-4EB2-9829-154964ADEC6A}.Release|Win32.ActiveCfg = Release|Win32
		{F45A4F73-0EA1-4EB2-9829-154964ADEC6A}.Release|Win32.Build.0 = Release|Win32
		{9FC6663B-403B-4429-90C3-4CE12E5D0619}.Debug|Win32.ActiveCfg = Debug|Win32
		{9FC6663B-403B-4429-90C3-4CE12E5D0619}.Debug|Win32.Build.0 = Debug|Win32
		{9FC6663B-403B-4429-90C3-4CE12E5D0619}.Release|Win32.ActiveCfg = Release|Win32
		{9FC6663B-403B-4429-90C3-4CE12E5D0619}.Release|Win32.Build.0 = Release|Win32
		{47CCBCAD-2A5C-4A70-8504-371F2EC29CBE}.Debug|Win32.ActiveCfg = Debug|Win32
		{47CCBCAD-2A5C-4A70-8504-371F2EC29CBE}.Debug|Win32.Build.0 = Debug|Win32
		{47CCBCAD-2A5C-4A70-8504-371F2EC29CBE}.Release|Win32.ActiveCfg = Release|Win32
		{47CCBCAD-2A5C-4A70-8504-371F2EC29CBE}.Release|Win32.Build.0 = Release|Win32
	EndGlobalSection
	GlobalSection(SolutionProperties) = preSolution
		HideSolutionNode = FALSE
	EndGlobalSection
EndGlobal
